// !$*UTF8*$!
{
	archiveVersion = 1;
	classes = {
	};
	objectVersion = 56;
	objects = {

/* Begin PBXBuildFile section */
		116506CC2BD61905009E7525 /* MapViewController.swift in Sources */ = {isa = PBXBuildFile; fileRef = 116506CB2BD61905009E7525 /* MapViewController.swift */; };
		116506D12BD621DE009E7525 /* SnapKit in Frameworks */ = {isa = PBXBuildFile; productRef = 116506D02BD621DE009E7525 /* SnapKit */; };
		116506D32BD674DB009E7525 /* TabBarController.swift in Sources */ = {isa = PBXBuildFile; fileRef = 116506D22BD674DB009E7525 /* TabBarController.swift */; };
		116D808D2BD8E873008E619C /* KickBoard.swift in Sources */ = {isa = PBXBuildFile; fileRef = 116D808C2BD8E873008E619C /* KickBoard.swift */; };
		116D808F2BD8FB42008E619C /* KickBoardAnnotation.swift in Sources */ = {isa = PBXBuildFile; fileRef = 116D808E2BD8FB42008E619C /* KickBoardAnnotation.swift */; };
		116D80942BDA55EA008E619C /* UserModel.swift in Sources */ = {isa = PBXBuildFile; fileRef = 116D80902BDA55EA008E619C /* UserModel.swift */; };
		116D80952BDA55EA008E619C /* AuthView.storyboard in Resources */ = {isa = PBXBuildFile; fileRef = 116D80912BDA55EA008E619C /* AuthView.storyboard */; };
		116D80962BDA55EA008E619C /* LoginViewController.swift in Sources */ = {isa = PBXBuildFile; fileRef = 116D80922BDA55EA008E619C /* LoginViewController.swift */; };
		116D80972BDA55EA008E619C /* SignUpViewController.swift in Sources */ = {isa = PBXBuildFile; fileRef = 116D80932BDA55EA008E619C /* SignUpViewController.swift */; };
		117919702BD7E76600401A45 /* RegisterViewController.swift in Sources */ = {isa = PBXBuildFile; fileRef = 1179196F2BD7E76600401A45 /* RegisterViewController.swift */; };
		4DC149A02BD617C4004FF0AB /* AppDelegate.swift in Sources */ = {isa = PBXBuildFile; fileRef = 4DC1499F2BD617C4004FF0AB /* AppDelegate.swift */; };
		4DC149A22BD617C4004FF0AB /* SceneDelegate.swift in Sources */ = {isa = PBXBuildFile; fileRef = 4DC149A12BD617C4004FF0AB /* SceneDelegate.swift */; };
		4DC149A42BD617C4004FF0AB /* ViewController.swift in Sources */ = {isa = PBXBuildFile; fileRef = 4DC149A32BD617C4004FF0AB /* ViewController.swift */; };
		4DC149A72BD617C4004FF0AB /* Base in Resources */ = {isa = PBXBuildFile; fileRef = 4DC149A62BD617C4004FF0AB /* Base */; };
		4DC149A92BD617C5004FF0AB /* Assets.xcassets in Resources */ = {isa = PBXBuildFile; fileRef = 4DC149A82BD617C5004FF0AB /* Assets.xcassets */; };
		4DC149AC2BD617C5004FF0AB /* Base in Resources */ = {isa = PBXBuildFile; fileRef = 4DC149AB2BD617C5004FF0AB /* Base */; };
		4DC149B82BD640F8004FF0AB /* AuthView.storyboard in Resources */ = {isa = PBXBuildFile; fileRef = 4DC149B72BD640F8004FF0AB /* AuthView.storyboard */; };
		4DC149BA2BD641AC004FF0AB /* LoginViewController.swift in Sources */ = {isa = PBXBuildFile; fileRef = 4DC149B92BD641AC004FF0AB /* LoginViewController.swift */; };
		4DC149BC2BD64AE0004FF0AB /* UserModel.swift in Sources */ = {isa = PBXBuildFile; fileRef = 4DC149BB2BD64AE0004FF0AB /* UserModel.swift */; };
		4DC149BE2BD64C13004FF0AB /* SignUpViewController.swift in Sources */ = {isa = PBXBuildFile; fileRef = 4DC149BD2BD64C13004FF0AB /* SignUpViewController.swift */; };
/* End PBXBuildFile section */

/* Begin PBXFileReference section */
		116506CB2BD61905009E7525 /* MapViewController.swift */ = {isa = PBXFileReference; lastKnownFileType = sourcecode.swift; path = MapViewController.swift; sourceTree = "<group>"; };
		116506D22BD674DB009E7525 /* TabBarController.swift */ = {isa = PBXFileReference; lastKnownFileType = sourcecode.swift; path = TabBarController.swift; sourceTree = "<group>"; };
		116D808C2BD8E873008E619C /* KickBoard.swift */ = {isa = PBXFileReference; lastKnownFileType = sourcecode.swift; path = KickBoard.swift; sourceTree = "<group>"; };
		116D808E2BD8FB42008E619C /* KickBoardAnnotation.swift */ = {isa = PBXFileReference; lastKnownFileType = sourcecode.swift; path = KickBoardAnnotation.swift; sourceTree = "<group>"; };
		116D80902BDA55EA008E619C /* UserModel.swift */ = {isa = PBXFileReference; fileEncoding = 4; lastKnownFileType = sourcecode.swift; path = UserModel.swift; sourceTree = "<group>"; };
		116D80912BDA55EA008E619C /* AuthView.storyboard */ = {isa = PBXFileReference; fileEncoding = 4; lastKnownFileType = file.storyboard; path = AuthView.storyboard; sourceTree = "<group>"; };
		116D80922BDA55EA008E619C /* LoginViewController.swift */ = {isa = PBXFileReference; fileEncoding = 4; lastKnownFileType = sourcecode.swift; path = LoginViewController.swift; sourceTree = "<group>"; };
		116D80932BDA55EA008E619C /* SignUpViewController.swift */ = {isa = PBXFileReference; fileEncoding = 4; lastKnownFileType = sourcecode.swift; path = SignUpViewController.swift; sourceTree = "<group>"; };
		1179196F2BD7E76600401A45 /* RegisterViewController.swift */ = {isa = PBXFileReference; lastKnownFileType = sourcecode.swift; path = RegisterViewController.swift; sourceTree = "<group>"; };
		4DC1499C2BD617C4004FF0AB /* 7ickboard.app */ = {isa = PBXFileReference; explicitFileType = wrapper.application; includeInIndex = 0; path = 7ickboard.app; sourceTree = BUILT_PRODUCTS_DIR; };
		4DC1499F2BD617C4004FF0AB /* AppDelegate.swift */ = {isa = PBXFileReference; lastKnownFileType = sourcecode.swift; path = AppDelegate.swift; sourceTree = "<group>"; };
		4DC149A12BD617C4004FF0AB /* SceneDelegate.swift */ = {isa = PBXFileReference; lastKnownFileType = sourcecode.swift; path = SceneDelegate.swift; sourceTree = "<group>"; };
		4DC149A32BD617C4004FF0AB /* ViewController.swift */ = {isa = PBXFileReference; lastKnownFileType = sourcecode.swift; path = ViewController.swift; sourceTree = "<group>"; };
		4DC149A62BD617C4004FF0AB /* Base */ = {isa = PBXFileReference; lastKnownFileType = file.storyboard; name = Base; path = Base.lproj/Main.storyboard; sourceTree = "<group>"; };
		4DC149A82BD617C5004FF0AB /* Assets.xcassets */ = {isa = PBXFileReference; lastKnownFileType = folder.assetcatalog; path = Assets.xcassets; sourceTree = "<group>"; };
		4DC149AB2BD617C5004FF0AB /* Base */ = {isa = PBXFileReference; lastKnownFileType = file.storyboard; name = Base; path = Base.lproj/LaunchScreen.storyboard; sourceTree = "<group>"; };
		4DC149AD2BD617C5004FF0AB /* Info.plist */ = {isa = PBXFileReference; lastKnownFileType = text.plist.xml; path = Info.plist; sourceTree = "<group>"; };
		4DC149B72BD640F8004FF0AB /* AuthView.storyboard */ = {isa = PBXFileReference; lastKnownFileType = file.storyboard; path = AuthView.storyboard; sourceTree = "<group>"; };
		4DC149B92BD641AC004FF0AB /* LoginViewController.swift */ = {isa = PBXFileReference; lastKnownFileType = sourcecode.swift; path = LoginViewController.swift; sourceTree = "<group>"; };
		4DC149BB2BD64AE0004FF0AB /* UserModel.swift */ = {isa = PBXFileReference; lastKnownFileType = sourcecode.swift; path = UserModel.swift; sourceTree = "<group>"; };
		4DC149BD2BD64C13004FF0AB /* SignUpViewController.swift */ = {isa = PBXFileReference; lastKnownFileType = sourcecode.swift; path = SignUpViewController.swift; sourceTree = "<group>"; };
/* End PBXFileReference section */

/* Begin PBXFrameworksBuildPhase section */
		4DC149992BD617C4004FF0AB /* Frameworks */ = {
			isa = PBXFrameworksBuildPhase;
			buildActionMask = 2147483647;
			files = (
				116506D12BD621DE009E7525 /* SnapKit in Frameworks */,
			);
			runOnlyForDeploymentPostprocessing = 0;
		};
/* End PBXFrameworksBuildPhase section */

/* Begin PBXGroup section */
		4DC149932BD617C4004FF0AB = {
			isa = PBXGroup;
			children = (
				4DC1499E2BD617C4004FF0AB /* 7ickboard */,
				4DC1499D2BD617C4004FF0AB /* Products */,
			);
			sourceTree = "<group>";
		};
		4DC1499D2BD617C4004FF0AB /* Products */ = {
			isa = PBXGroup;
			children = (
				4DC1499C2BD617C4004FF0AB /* 7ickboard.app */,
			);
			name = Products;
			sourceTree = "<group>";
		};
		4DC1499E2BD617C4004FF0AB /* 7ickboard */ = {
			isa = PBXGroup;
			children = (
				4DC1499F2BD617C4004FF0AB /* AppDelegate.swift */,
				4DC149A12BD617C4004FF0AB /* SceneDelegate.swift */,
				4DC149A32BD617C4004FF0AB /* ViewController.swift */,
				116506CB2BD61905009E7525 /* MapViewController.swift */,
				1179196F2BD7E76600401A45 /* RegisterViewController.swift */,
				116D808C2BD8E873008E619C /* KickBoard.swift */,
				116D808E2BD8FB42008E619C /* KickBoardAnnotation.swift */,
				116506D22BD674DB009E7525 /* TabBarController.swift */,
				4DC149A52BD617C4004FF0AB /* Main.storyboard */,
				4DC149A82BD617C5004FF0AB /* Assets.xcassets */,
				4DC149AA2BD617C5004FF0AB /* LaunchScreen.storyboard */,
				4DC149AD2BD617C5004FF0AB /* Info.plist */,
				116D80912BDA55EA008E619C /* AuthView.storyboard */,
				116D80922BDA55EA008E619C /* LoginViewController.swift */,
				116D80932BDA55EA008E619C /* SignUpViewController.swift */,
				116D80902BDA55EA008E619C /* UserModel.swift */,

			);
			path = 7ickboard;
			sourceTree = "<group>";
		};
/* End PBXGroup section */

/* Begin PBXNativeTarget section */
		4DC1499B2BD617C4004FF0AB /* 7ickboard */ = {
			isa = PBXNativeTarget;
			buildConfigurationList = 4DC149B02BD617C5004FF0AB /* Build configuration list for PBXNativeTarget "7ickboard" */;
			buildPhases = (
				4DC149982BD617C4004FF0AB /* Sources */,
				4DC149992BD617C4004FF0AB /* Frameworks */,
				4DC1499A2BD617C4004FF0AB /* Resources */,
			);
			buildRules = (
			);
			dependencies = (
			);
			name = 7ickboard;
			packageProductDependencies = (
				116506D02BD621DE009E7525 /* SnapKit */,
			);
			productName = 7ickboard;
			productReference = 4DC1499C2BD617C4004FF0AB /* 7ickboard.app */;
			productType = "com.apple.product-type.application";
		};
/* End PBXNativeTarget section */

/* Begin PBXProject section */
		4DC149942BD617C4004FF0AB /* Project object */ = {
			isa = PBXProject;
			attributes = {
				BuildIndependentTargetsInParallel = 1;
				LastSwiftUpdateCheck = 1530;
				LastUpgradeCheck = 1530;
				TargetAttributes = {
					4DC1499B2BD617C4004FF0AB = {
						CreatedOnToolsVersion = 15.3;
					};
				};
			};
			buildConfigurationList = 4DC149972BD617C4004FF0AB /* Build configuration list for PBXProject "7ickboard" */;
			compatibilityVersion = "Xcode 14.0";
			developmentRegion = en;
			hasScannedForEncodings = 0;
			knownRegions = (
				en,
				Base,
			);
			mainGroup = 4DC149932BD617C4004FF0AB;
			packageReferences = (
				116506CF2BD621DE009E7525 /* XCRemoteSwiftPackageReference "SnapKit" */,
			);
			productRefGroup = 4DC1499D2BD617C4004FF0AB /* Products */;
			projectDirPath = "";
			projectRoot = "";
			targets = (
				4DC1499B2BD617C4004FF0AB /* 7ickboard */,
			);
		};
/* End PBXProject section */

/* Begin PBXResourcesBuildPhase section */
		4DC1499A2BD617C4004FF0AB /* Resources */ = {
			isa = PBXResourcesBuildPhase;
			buildActionMask = 2147483647;
			files = (
				4DC149A92BD617C5004FF0AB /* Assets.xcassets in Resources */,
				4DC149AC2BD617C5004FF0AB /* Base in Resources */,
				4DC149A72BD617C4004FF0AB /* Base in Resources */,
				116D80952BDA55EA008E619C /* AuthView.storyboard in Resources */,

			);
			runOnlyForDeploymentPostprocessing = 0;
		};
/* End PBXResourcesBuildPhase section */

/* Begin PBXSourcesBuildPhase section */
		4DC149982BD617C4004FF0AB /* Sources */ = {
			isa = PBXSourcesBuildPhase;
			buildActionMask = 2147483647;
			files = (
				116D80972BDA55EA008E619C /* SignUpViewController.swift in Sources */,
				116D808F2BD8FB42008E619C /* KickBoardAnnotation.swift in Sources */,
				116506D32BD674DB009E7525 /* TabBarController.swift in Sources */,

				4DC149A42BD617C4004FF0AB /* ViewController.swift in Sources */,
				117919702BD7E76600401A45 /* RegisterViewController.swift in Sources */,
				116D808D2BD8E873008E619C /* KickBoard.swift in Sources */,
				4DC149A02BD617C4004FF0AB /* AppDelegate.swift in Sources */,
				4DC149A22BD617C4004FF0AB /* SceneDelegate.swift in Sources */,
				116D80942BDA55EA008E619C /* UserModel.swift in Sources */,
				116D80962BDA55EA008E619C /* LoginViewController.swift in Sources */,
				116506CC2BD61905009E7525 /* MapViewController.swift in Sources */,
			);
			runOnlyForDeploymentPostprocessing = 0;
		};
/* End PBXSourcesBuildPhase section */

/* Begin PBXVariantGroup section */
		4DC149A52BD617C4004FF0AB /* Main.storyboard */ = {
			isa = PBXVariantGroup;
			children = (
				4DC149A62BD617C4004FF0AB /* Base */,
			);
			name = Main.storyboard;
			sourceTree = "<group>";
		};
		4DC149AA2BD617C5004FF0AB /* LaunchScreen.storyboard */ = {
			isa = PBXVariantGroup;
			children = (
				4DC149AB2BD617C5004FF0AB /* Base */,
			);
			name = LaunchScreen.storyboard;
			sourceTree = "<group>";
		};
/* End PBXVariantGroup section */

/* Begin XCBuildConfiguration section */
		4DC149AE2BD617C5004FF0AB /* Debug */ = {
			isa = XCBuildConfiguration;
			buildSettings = {
				ALWAYS_SEARCH_USER_PATHS = NO;
				ASSETCATALOG_COMPILER_GENERATE_SWIFT_ASSET_SYMBOL_EXTENSIONS = YES;
				CLANG_ANALYZER_NONNULL = YES;
				CLANG_ANALYZER_NUMBER_OBJECT_CONVERSION = YES_AGGRESSIVE;
				CLANG_CXX_LANGUAGE_STANDARD = "gnu++20";
				CLANG_ENABLE_MODULES = YES;
				CLANG_ENABLE_OBJC_ARC = YES;
				CLANG_ENABLE_OBJC_WEAK = YES;
				CLANG_WARN_BLOCK_CAPTURE_AUTORELEASING = YES;
				CLANG_WARN_BOOL_CONVERSION = YES;
				CLANG_WARN_COMMA = YES;
				CLANG_WARN_CONSTANT_CONVERSION = YES;
				CLANG_WARN_DEPRECATED_OBJC_IMPLEMENTATIONS = YES;
				CLANG_WARN_DIRECT_OBJC_ISA_USAGE = YES_ERROR;
				CLANG_WARN_DOCUMENTATION_COMMENTS = YES;
				CLANG_WARN_EMPTY_BODY = YES;
				CLANG_WARN_ENUM_CONVERSION = YES;
				CLANG_WARN_INFINITE_RECURSION = YES;
				CLANG_WARN_INT_CONVERSION = YES;
				CLANG_WARN_NON_LITERAL_NULL_CONVERSION = YES;
				CLANG_WARN_OBJC_IMPLICIT_RETAIN_SELF = YES;
				CLANG_WARN_OBJC_LITERAL_CONVERSION = YES;
				CLANG_WARN_OBJC_ROOT_CLASS = YES_ERROR;
				CLANG_WARN_QUOTED_INCLUDE_IN_FRAMEWORK_HEADER = YES;
				CLANG_WARN_RANGE_LOOP_ANALYSIS = YES;
				CLANG_WARN_STRICT_PROTOTYPES = YES;
				CLANG_WARN_SUSPICIOUS_MOVE = YES;
				CLANG_WARN_UNGUARDED_AVAILABILITY = YES_AGGRESSIVE;
				CLANG_WARN_UNREACHABLE_CODE = YES;
				CLANG_WARN__DUPLICATE_METHOD_MATCH = YES;
				COPY_PHASE_STRIP = NO;
				DEBUG_INFORMATION_FORMAT = dwarf;
				ENABLE_STRICT_OBJC_MSGSEND = YES;
				ENABLE_TESTABILITY = YES;
				ENABLE_USER_SCRIPT_SANDBOXING = YES;
				GCC_C_LANGUAGE_STANDARD = gnu17;
				GCC_DYNAMIC_NO_PIC = NO;
				GCC_NO_COMMON_BLOCKS = YES;
				GCC_OPTIMIZATION_LEVEL = 0;
				GCC_PREPROCESSOR_DEFINITIONS = (
					"DEBUG=1",
					"$(inherited)",
				);
				GCC_WARN_64_TO_32_BIT_CONVERSION = YES;
				GCC_WARN_ABOUT_RETURN_TYPE = YES_ERROR;
				GCC_WARN_UNDECLARED_SELECTOR = YES;
				GCC_WARN_UNINITIALIZED_AUTOS = YES_AGGRESSIVE;
				GCC_WARN_UNUSED_FUNCTION = YES;
				GCC_WARN_UNUSED_VARIABLE = YES;
				IPHONEOS_DEPLOYMENT_TARGET = 15.0;
				LOCALIZATION_PREFERS_STRING_CATALOGS = YES;
				MTL_ENABLE_DEBUG_INFO = INCLUDE_SOURCE;
				MTL_FAST_MATH = YES;
				ONLY_ACTIVE_ARCH = YES;
				SDKROOT = iphoneos;
				SWIFT_ACTIVE_COMPILATION_CONDITIONS = "DEBUG $(inherited)";
				SWIFT_OPTIMIZATION_LEVEL = "-Onone";
			};
			name = Debug;
		};
		4DC149AF2BD617C5004FF0AB /* Release */ = {
			isa = XCBuildConfiguration;
			buildSettings = {
				ALWAYS_SEARCH_USER_PATHS = NO;
				ASSETCATALOG_COMPILER_GENERATE_SWIFT_ASSET_SYMBOL_EXTENSIONS = YES;
				CLANG_ANALYZER_NONNULL = YES;
				CLANG_ANALYZER_NUMBER_OBJECT_CONVERSION = YES_AGGRESSIVE;
				CLANG_CXX_LANGUAGE_STANDARD = "gnu++20";
				CLANG_ENABLE_MODULES = YES;
				CLANG_ENABLE_OBJC_ARC = YES;
				CLANG_ENABLE_OBJC_WEAK = YES;
				CLANG_WARN_BLOCK_CAPTURE_AUTORELEASING = YES;
				CLANG_WARN_BOOL_CONVERSION = YES;
				CLANG_WARN_COMMA = YES;
				CLANG_WARN_CONSTANT_CONVERSION = YES;
				CLANG_WARN_DEPRECATED_OBJC_IMPLEMENTATIONS = YES;
				CLANG_WARN_DIRECT_OBJC_ISA_USAGE = YES_ERROR;
				CLANG_WARN_DOCUMENTATION_COMMENTS = YES;
				CLANG_WARN_EMPTY_BODY = YES;
				CLANG_WARN_ENUM_CONVERSION = YES;
				CLANG_WARN_INFINITE_RECURSION = YES;
				CLANG_WARN_INT_CONVERSION = YES;
				CLANG_WARN_NON_LITERAL_NULL_CONVERSION = YES;
				CLANG_WARN_OBJC_IMPLICIT_RETAIN_SELF = YES;
				CLANG_WARN_OBJC_LITERAL_CONVERSION = YES;
				CLANG_WARN_OBJC_ROOT_CLASS = YES_ERROR;
				CLANG_WARN_QUOTED_INCLUDE_IN_FRAMEWORK_HEADER = YES;
				CLANG_WARN_RANGE_LOOP_ANALYSIS = YES;
				CLANG_WARN_STRICT_PROTOTYPES = YES;
				CLANG_WARN_SUSPICIOUS_MOVE = YES;
				CLANG_WARN_UNGUARDED_AVAILABILITY = YES_AGGRESSIVE;
				CLANG_WARN_UNREACHABLE_CODE = YES;
				CLANG_WARN__DUPLICATE_METHOD_MATCH = YES;
				COPY_PHASE_STRIP = NO;
				DEBUG_INFORMATION_FORMAT = "dwarf-with-dsym";
				ENABLE_NS_ASSERTIONS = NO;
				ENABLE_STRICT_OBJC_MSGSEND = YES;
				ENABLE_USER_SCRIPT_SANDBOXING = YES;
				GCC_C_LANGUAGE_STANDARD = gnu17;
				GCC_NO_COMMON_BLOCKS = YES;
				GCC_WARN_64_TO_32_BIT_CONVERSION = YES;
				GCC_WARN_ABOUT_RETURN_TYPE = YES_ERROR;
				GCC_WARN_UNDECLARED_SELECTOR = YES;
				GCC_WARN_UNINITIALIZED_AUTOS = YES_AGGRESSIVE;
				GCC_WARN_UNUSED_FUNCTION = YES;
				GCC_WARN_UNUSED_VARIABLE = YES;
				IPHONEOS_DEPLOYMENT_TARGET = 15.0;
				LOCALIZATION_PREFERS_STRING_CATALOGS = YES;
				MTL_ENABLE_DEBUG_INFO = NO;
				MTL_FAST_MATH = YES;
				SDKROOT = iphoneos;
				SWIFT_COMPILATION_MODE = wholemodule;
				VALIDATE_PRODUCT = YES;
			};
			name = Release;
		};
		4DC149B12BD617C5004FF0AB /* Debug */ = {
			isa = XCBuildConfiguration;
			buildSettings = {
				ASSETCATALOG_COMPILER_APPICON_NAME = AppIcon;
				ASSETCATALOG_COMPILER_GLOBAL_ACCENT_COLOR_NAME = AccentColor;
				CODE_SIGN_STYLE = Automatic;
				CURRENT_PROJECT_VERSION = 1;
				GENERATE_INFOPLIST_FILE = YES;
				INFOPLIST_FILE = 7ickboard/Info.plist;
				INFOPLIST_KEY_UIApplicationSupportsIndirectInputEvents = YES;
				INFOPLIST_KEY_UILaunchStoryboardName = LaunchScreen;
				INFOPLIST_KEY_UIMainStoryboardFile = Main;
				INFOPLIST_KEY_UISupportedInterfaceOrientations_iPad = "UIInterfaceOrientationPortrait UIInterfaceOrientationPortraitUpsideDown UIInterfaceOrientationLandscapeLeft UIInterfaceOrientationLandscapeRight";
				INFOPLIST_KEY_UISupportedInterfaceOrientations_iPhone = "UIInterfaceOrientationPortrait UIInterfaceOrientationLandscapeLeft UIInterfaceOrientationLandscapeRight";
				IPHONEOS_DEPLOYMENT_TARGET = 15.0;
				LD_RUNPATH_SEARCH_PATHS = (
					"$(inherited)",
					"@executable_path/Frameworks",
				);
				MARKETING_VERSION = 1.0;
				PRODUCT_BUNDLE_IDENTIFIER = "kinam.-ickboard";
				PRODUCT_NAME = "$(TARGET_NAME)";
				SWIFT_EMIT_LOC_STRINGS = YES;
				SWIFT_VERSION = 5.0;
				TARGETED_DEVICE_FAMILY = "1,2";
			};
			name = Debug;
		};
		4DC149B22BD617C5004FF0AB /* Release */ = {
			isa = XCBuildConfiguration;
			buildSettings = {
				ASSETCATALOG_COMPILER_APPICON_NAME = AppIcon;
				ASSETCATALOG_COMPILER_GLOBAL_ACCENT_COLOR_NAME = AccentColor;
				CODE_SIGN_STYLE = Automatic;
				CURRENT_PROJECT_VERSION = 1;
				GENERATE_INFOPLIST_FILE = YES;
				INFOPLIST_FILE = 7ickboard/Info.plist;
				INFOPLIST_KEY_UIApplicationSupportsIndirectInputEvents = YES;
				INFOPLIST_KEY_UILaunchStoryboardName = LaunchScreen;
				INFOPLIST_KEY_UIMainStoryboardFile = Main;
				INFOPLIST_KEY_UISupportedInterfaceOrientations_iPad = "UIInterfaceOrientationPortrait UIInterfaceOrientationPortraitUpsideDown UIInterfaceOrientationLandscapeLeft UIInterfaceOrientationLandscapeRight";
				INFOPLIST_KEY_UISupportedInterfaceOrientations_iPhone = "UIInterfaceOrientationPortrait UIInterfaceOrientationLandscapeLeft UIInterfaceOrientationLandscapeRight";
				IPHONEOS_DEPLOYMENT_TARGET = 15.0;
				LD_RUNPATH_SEARCH_PATHS = (
					"$(inherited)",
					"@executable_path/Frameworks",
				);
				MARKETING_VERSION = 1.0;
				PRODUCT_BUNDLE_IDENTIFIER = "kinam.-ickboard";
				PRODUCT_NAME = "$(TARGET_NAME)";
				SWIFT_EMIT_LOC_STRINGS = YES;
				SWIFT_VERSION = 5.0;
				TARGETED_DEVICE_FAMILY = "1,2";
			};
			name = Release;
		};
/* End XCBuildConfiguration section */

/* Begin XCConfigurationList section */
		4DC149972BD617C4004FF0AB /* Build configuration list for PBXProject "7ickboard" */ = {
			isa = XCConfigurationList;
			buildConfigurations = (
				4DC149AE2BD617C5004FF0AB /* Debug */,
				4DC149AF2BD617C5004FF0AB /* Release */,
			);
			defaultConfigurationIsVisible = 0;
			defaultConfigurationName = Release;
		};
		4DC149B02BD617C5004FF0AB /* Build configuration list for PBXNativeTarget "7ickboard" */ = {
			isa = XCConfigurationList;
			buildConfigurations = (
				4DC149B12BD617C5004FF0AB /* Debug */,
				4DC149B22BD617C5004FF0AB /* Release */,
			);
			defaultConfigurationIsVisible = 0;
			defaultConfigurationName = Release;
		};
/* End XCConfigurationList section */

/* Begin XCRemoteSwiftPackageReference section */
		116506CF2BD621DE009E7525 /* XCRemoteSwiftPackageReference "SnapKit" */ = {
			isa = XCRemoteSwiftPackageReference;
			repositoryURL = "https://github.com/SnapKit/SnapKit";
			requirement = {
				kind = upToNextMajorVersion;
				minimumVersion = 5.7.1;
			};
		};
/* End XCRemoteSwiftPackageReference section */

/* Begin XCSwiftPackageProductDependency section */
		116506D02BD621DE009E7525 /* SnapKit */ = {
			isa = XCSwiftPackageProductDependency;
			package = 116506CF2BD621DE009E7525 /* XCRemoteSwiftPackageReference "SnapKit" */;
			productName = SnapKit;
		};
/* End XCSwiftPackageProductDependency section */
	};
	rootObject = 4DC149942BD617C4004FF0AB /* Project object */;
}
